# This file is automatically @generated by Cargo.
# It is not intended for manual editing.
version = 3

[[package]]
name = "feistel-permutation-rs"
version = "0.1.1"
source = "registry+https://github.com/rust-lang/crates.io-index"
checksum = "6db6c829a796418de937efceee04e784abd1c756a82037d84a26f868bc2279f2"

[[package]]
name = "range-permutation"
version = "0.1.0"
dependencies = [
 "feistel-permutation-rs",
]
